
Microsoft Visual Studio Solution File, Format Version 12.00
# Visual Studio Version 17
VisualStudioVersion = 17.8.34511.84
MinimumVisualStudioVersion = 10.0.40219.1
Project("{FAE04EC0-301F-11D3-BF4B-00C04F79EFBC}") = "FileAccess", "FileAccess\FileAccess.csproj", "{795D6944-16EF-4CF8-B016-45F480C840C7}"
EndProject
Global
	GlobalSection(SolutionConfigurationPlatforms) = preSolution
		Debug|Any CPU = Debug|Any CPU
		Release|Any CPU = Release|Any CPU
	EndGlobalSection
	GlobalSection(ProjectConfigurationPlatforms) = postSolution
		{795D6944-16EF-4CF8-B016-45F480C840C7}.Debug|Any CPU.ActiveCfg = Debug|Any CPU
		{795D6944-16EF-4CF8-B016-45F480C840C7}.Debug|Any CPU.Build.0 = Debug|Any CPU
		{795D6944-16EF-4CF8-B016-45F480C840C7}.Release|Any CPU.ActiveCfg = Release|Any CPU
		{795D6944-16EF-4CF8-B016-45F480C840C7}.Release|Any CPU.Build.0 = Release|Any CPU
	EndGlobalSection
	GlobalSection(SolutionProperties) = preSolution
		HideSolutionNode = FALSE
	EndGlobalSection
	GlobalSection(ExtensibilityGlobals) = postSolution
		SolutionGuid = {BDF9B29C-5165-4079-AE9E-E22347E7E16A}
	EndGlobalSection
EndGlobal
